
Microsoft Visual Studio Solution File, Format Version 12.00
# Visual Studio Version 17
VisualStudioVersion = 17.6.33829.357
MinimumVisualStudioVersion = 10.0.40219.1
Project("{FAE04EC0-301F-11D3-BF4B-00C04F79EFBC}") = "Clothing Store", "Clothing Store\Clothing Store.csproj", "{B36B27B0-937D-4665-A3B8-074DC0E0E38A}"
EndProject
Global
	GlobalSection(SolutionConfigurationPlatforms) = preSolution
		Debug|Any CPU = Debug|Any CPU
		Release|Any CPU = Release|Any CPU
	EndGlobalSection
	GlobalSection(ProjectConfigurationPlatforms) = postSolution
		{B36B27B0-937D-4665-A3B8-074DC0E0E38A}.Debug|Any CPU.ActiveCfg = Debug|Any CPU
		{B36B27B0-937D-4665-A3B8-074DC0E0E38A}.Debug|Any CPU.Build.0 = Debug|Any CPU
		{B36B27B0-937D-4665-A3B8-074DC0E0E38A}.Release|Any CPU.ActiveCfg = Release|Any CPU
		{B36B27B0-937D-4665-A3B8-074DC0E0E38A}.Release|Any CPU.Build.0 = Release|Any CPU
	EndGlobalSection
	GlobalSection(SolutionProperties) = preSolution
		HideSolutionNode = FALSE
	EndGlobalSection
	GlobalSection(ExtensibilityGlobals) = postSolution
		SolutionGuid = {77D7DBBF-FC39-42A0-852F-3080AD6B3B60}
	EndGlobalSection
EndGlobal
